// !$*UTF8*$!
{
	archiveVersion = 1;
	classes = {
	};
	objectVersion = 50;
	objects = {

/* Begin PBXBuildFile section */
		2822A8A696D3950480993651 /* Pods_VKDonations.framework in Frameworks */ = {isa = PBXBuildFile; fileRef = E9C3A4F455E22D3D0A6535F5 /* Pods_VKDonations.framework */; };
		5E6AF0A5250BA3C30056E454 /* AppDelegate.swift in Sources */ = {isa = PBXBuildFile; fileRef = 5E6AF0A4250BA3C30056E454 /* AppDelegate.swift */; };
		5E6AF0A7250BA3C30056E454 /* SceneDelegate.swift in Sources */ = {isa = PBXBuildFile; fileRef = 5E6AF0A6250BA3C30056E454 /* SceneDelegate.swift */; };
		5E6AF0AE250BA3C60056E454 /* Assets.xcassets in Resources */ = {isa = PBXBuildFile; fileRef = 5E6AF0AD250BA3C60056E454 /* Assets.xcassets */; };
		5E6AF0B1250BA3C60056E454 /* LaunchScreen.storyboard in Resources */ = {isa = PBXBuildFile; fileRef = 5E6AF0AF250BA3C60056E454 /* LaunchScreen.storyboard */; };
		5E6AF0BB250BA6A30056E454 /* Colors.xcassets in Resources */ = {isa = PBXBuildFile; fileRef = 5E6AF0BA250BA6A30056E454 /* Colors.xcassets */; };
		5E6AF0C0250BE8770056E454 /* ColorStyle.swift in Sources */ = {isa = PBXBuildFile; fileRef = 5E6AF0BF250BE8770056E454 /* ColorStyle.swift */; };
		5E6AF0C3250BE8840056E454 /* TextStyle.swift in Sources */ = {isa = PBXBuildFile; fileRef = 5E6AF0C2250BE8840056E454 /* TextStyle.swift */; };
		5E6AF0F0250C119A0056E454 /* DonationList.storyboard in Resources */ = {isa = PBXBuildFile; fileRef = 5E6AF0EF250C11020056E454 /* DonationList.storyboard */; };
		5E6AF0F4250C19F00056E454 /* PrimaryButton.swift in Sources */ = {isa = PBXBuildFile; fileRef = 5E6AF0F3250C19F00056E454 /* PrimaryButton.swift */; };
		5E6AF0F7250C1A000056E454 /* PlaceholderView.swift in Sources */ = {isa = PBXBuildFile; fileRef = 5E6AF0F5250C1A000056E454 /* PlaceholderView.swift */; };
		5E6AF0F8250C1A000056E454 /* PlaceholderView.xib in Resources */ = {isa = PBXBuildFile; fileRef = 5E6AF0F6250C1A000056E454 /* PlaceholderView.xib */; };
		5E6AF0FB250C1A0F0056E454 /* Button.swift in Sources */ = {isa = PBXBuildFile; fileRef = 5E6AF0F9250C1A0F0056E454 /* Button.swift */; };
		5E6AF0FC250C1A0F0056E454 /* NibView.swift in Sources */ = {isa = PBXBuildFile; fileRef = 5E6AF0FA250C1A0F0056E454 /* NibView.swift */; };
		5E6AF0FE250C1A220056E454 /* PrimaryNavigationController.swift in Sources */ = {isa = PBXBuildFile; fileRef = 5E6AF0FD250C1A220056E454 /* PrimaryNavigationController.swift */; };
		5E6AF100250C1A3D0056E454 /* DonationListViewController.swift in Sources */ = {isa = PBXBuildFile; fileRef = 5E6AF0FF250C1A3D0056E454 /* DonationListViewController.swift */; };
/* End PBXBuildFile section */

/* Begin PBXFileReference section */
		5595091FB3335392CBAABC3B /* Pods-VKDonations.release.xcconfig */ = {isa = PBXFileReference; includeInIndex = 1; lastKnownFileType = text.xcconfig; name = "Pods-VKDonations.release.xcconfig"; path = "Target Support Files/Pods-VKDonations/Pods-VKDonations.release.xcconfig"; sourceTree = "<group>"; };
		5E6AF0A1250BA3C30056E454 /* VKDonations.app */ = {isa = PBXFileReference; explicitFileType = wrapper.application; includeInIndex = 0; path = VKDonations.app; sourceTree = BUILT_PRODUCTS_DIR; };
		5E6AF0A4250BA3C30056E454 /* AppDelegate.swift */ = {isa = PBXFileReference; lastKnownFileType = sourcecode.swift; path = AppDelegate.swift; sourceTree = "<group>"; };
		5E6AF0A6250BA3C30056E454 /* SceneDelegate.swift */ = {isa = PBXFileReference; lastKnownFileType = sourcecode.swift; path = SceneDelegate.swift; sourceTree = "<group>"; };
		5E6AF0AD250BA3C60056E454 /* Assets.xcassets */ = {isa = PBXFileReference; lastKnownFileType = folder.assetcatalog; path = Assets.xcassets; sourceTree = "<group>"; };
		5E6AF0B0250BA3C60056E454 /* Base */ = {isa = PBXFileReference; lastKnownFileType = file.storyboard; name = Base; path = Base.lproj/LaunchScreen.storyboard; sourceTree = "<group>"; };
		5E6AF0B2250BA3C60056E454 /* Info.plist */ = {isa = PBXFileReference; lastKnownFileType = text.plist.xml; path = Info.plist; sourceTree = "<group>"; };
		5E6AF0BA250BA6A30056E454 /* Colors.xcassets */ = {isa = PBXFileReference; lastKnownFileType = folder.assetcatalog; path = Colors.xcassets; sourceTree = "<group>"; };
		5E6AF0BF250BE8770056E454 /* ColorStyle.swift */ = {isa = PBXFileReference; fileEncoding = 4; lastKnownFileType = sourcecode.swift; path = ColorStyle.swift; sourceTree = "<group>"; };
		5E6AF0C2250BE8840056E454 /* TextStyle.swift */ = {isa = PBXFileReference; fileEncoding = 4; lastKnownFileType = sourcecode.swift; path = TextStyle.swift; sourceTree = "<group>"; };
		5E6AF0EF250C11020056E454 /* DonationList.storyboard */ = {isa = PBXFileReference; lastKnownFileType = file.storyboard; path = DonationList.storyboard; sourceTree = "<group>"; };
		5E6AF0F3250C19F00056E454 /* PrimaryButton.swift */ = {isa = PBXFileReference; fileEncoding = 4; lastKnownFileType = sourcecode.swift; path = PrimaryButton.swift; sourceTree = "<group>"; };
		5E6AF0F5250C1A000056E454 /* PlaceholderView.swift */ = {isa = PBXFileReference; fileEncoding = 4; lastKnownFileType = sourcecode.swift; path = PlaceholderView.swift; sourceTree = "<group>"; };
		5E6AF0F6250C1A000056E454 /* PlaceholderView.xib */ = {isa = PBXFileReference; fileEncoding = 4; lastKnownFileType = file.xib; path = PlaceholderView.xib; sourceTree = "<group>"; };
		5E6AF0F9250C1A0F0056E454 /* Button.swift */ = {isa = PBXFileReference; fileEncoding = 4; lastKnownFileType = sourcecode.swift; path = Button.swift; sourceTree = "<group>"; };
		5E6AF0FA250C1A0F0056E454 /* NibView.swift */ = {isa = PBXFileReference; fileEncoding = 4; lastKnownFileType = sourcecode.swift; path = NibView.swift; sourceTree = "<group>"; };
		5E6AF0FD250C1A220056E454 /* PrimaryNavigationController.swift */ = {isa = PBXFileReference; fileEncoding = 4; lastKnownFileType = sourcecode.swift; path = PrimaryNavigationController.swift; sourceTree = "<group>"; };
		5E6AF0FF250C1A3D0056E454 /* DonationListViewController.swift */ = {isa = PBXFileReference; fileEncoding = 4; lastKnownFileType = sourcecode.swift; path = DonationListViewController.swift; sourceTree = "<group>"; };
		D71CE2180750E0518B53388E /* Pods-VKDonations.debug.xcconfig */ = {isa = PBXFileReference; includeInIndex = 1; lastKnownFileType = text.xcconfig; name = "Pods-VKDonations.debug.xcconfig"; path = "Target Support Files/Pods-VKDonations/Pods-VKDonations.debug.xcconfig"; sourceTree = "<group>"; };
		E9C3A4F455E22D3D0A6535F5 /* Pods_VKDonations.framework */ = {isa = PBXFileReference; explicitFileType = wrapper.framework; includeInIndex = 0; path = Pods_VKDonations.framework; sourceTree = BUILT_PRODUCTS_DIR; };
/* End PBXFileReference section */

/* Begin PBXFrameworksBuildPhase section */
		5E6AF09E250BA3C30056E454 /* Frameworks */ = {
			isa = PBXFrameworksBuildPhase;
			buildActionMask = 2147483647;
			files = (
				2822A8A696D3950480993651 /* Pods_VKDonations.framework in Frameworks */,
			);
			runOnlyForDeploymentPostprocessing = 0;
		};
/* End PBXFrameworksBuildPhase section */

/* Begin PBXGroup section */
		5E6AF098250BA3C30056E454 = {
			isa = PBXGroup;
			children = (
				5E6AF0A3250BA3C30056E454 /* VKDonations */,
				5E6AF0A2250BA3C30056E454 /* Products */,
				C270D8EF1D6F09F3D6922620 /* Pods */,
				E4DD8DE3B72D43EBFF25E3AC /* Frameworks */,
			);
			sourceTree = "<group>";
		};
		5E6AF0A2250BA3C30056E454 /* Products */ = {
			isa = PBXGroup;
			children = (
				5E6AF0A1250BA3C30056E454 /* VKDonations.app */,
			);
			name = Products;
			sourceTree = "<group>";
		};
		5E6AF0A3250BA3C30056E454 /* VKDonations */ = {
			isa = PBXGroup;
			children = (
				5E6AF0B8250BA4B10056E454 /* Resources */,
				5E6AF0E7250C0E910056E454 /* Screens */,
				5E6AF0BD250BDDC70056E454 /* SupportingFiles */,
				5E6AF0CB250C036A0056E454 /* Tools */,
				5E6AF0C4250C020F0056E454 /* Views */,
			);
			path = VKDonations;
			sourceTree = "<group>";
		};
		5E6AF0B8250BA4B10056E454 /* Resources */ = {
			isa = PBXGroup;
			children = (
				5E6AF0B9250BA4E00056E454 /* Colors */,
				5E6AF0BC250BA6A60056E454 /* Images */,
				5E6AF0C1250BE8840056E454 /* Text */,
			);
			path = Resources;
			sourceTree = "<group>";
		};
		5E6AF0B9250BA4E00056E454 /* Colors */ = {
			isa = PBXGroup;
			children = (
				5E6AF0BA250BA6A30056E454 /* Colors.xcassets */,
				5E6AF0BF250BE8770056E454 /* ColorStyle.swift */,
			);
			path = Colors;
			sourceTree = "<group>";
		};
		5E6AF0BC250BA6A60056E454 /* Images */ = {
			isa = PBXGroup;
			children = (
				5E6AF0AD250BA3C60056E454 /* Assets.xcassets */,
			);
			path = Images;
			sourceTree = "<group>";
		};
		5E6AF0BD250BDDC70056E454 /* SupportingFiles */ = {
			isa = PBXGroup;
			children = (
				5E6AF0A4250BA3C30056E454 /* AppDelegate.swift */,
				5E6AF0A6250BA3C30056E454 /* SceneDelegate.swift */,
				5E6AF0AF250BA3C60056E454 /* LaunchScreen.storyboard */,
				5E6AF0B2250BA3C60056E454 /* Info.plist */,
			);
			path = SupportingFiles;
			sourceTree = "<group>";
		};
		5E6AF0C1250BE8840056E454 /* Text */ = {
			isa = PBXGroup;
			children = (
				5E6AF0C2250BE8840056E454 /* TextStyle.swift */,
			);
			path = Text;
			sourceTree = "<group>";
		};
		5E6AF0C4250C020F0056E454 /* Views */ = {
			isa = PBXGroup;
			children = (
				5E6AF0C5250C02160056E454 /* Components */,
			);
			path = Views;
			sourceTree = "<group>";
		};
		5E6AF0C5250C02160056E454 /* Components */ = {
			isa = PBXGroup;
			children = (
				5E6AF0C9250C03190056E454 /* PrimaryButton */,
				5E6AF0C6250C02260056E454 /* Placeholder */,
			);
			path = Components;
			sourceTree = "<group>";
		};
		5E6AF0C6250C02260056E454 /* Placeholder */ = {
			isa = PBXGroup;
			children = (
				5E6AF0F5250C1A000056E454 /* PlaceholderView.swift */,
				5E6AF0F6250C1A000056E454 /* PlaceholderView.xib */,
			);
			path = Placeholder;
			sourceTree = "<group>";
		};
		5E6AF0C9250C03190056E454 /* PrimaryButton */ = {
			isa = PBXGroup;
			children = (
				5E6AF0F3250C19F00056E454 /* PrimaryButton.swift */,
			);
			path = PrimaryButton;
			sourceTree = "<group>";
		};
		5E6AF0CB250C036A0056E454 /* Tools */ = {
			isa = PBXGroup;
			children = (
				5E6AF0E9250C0EC20056E454 /* Components */,
				5E6AF0CC250C036E0056E454 /* Views */,
			);
			path = Tools;
			sourceTree = "<group>";
		};
		5E6AF0CC250C036E0056E454 /* Views */ = {
			isa = PBXGroup;
			children = (
				5E6AF0F9250C1A0F0056E454 /* Button.swift */,
				5E6AF0FA250C1A0F0056E454 /* NibView.swift */,
			);
			path = Views;
			sourceTree = "<group>";
		};
		5E6AF0E7250C0E910056E454 /* Screens */ = {
			isa = PBXGroup;
			children = (
				5E6AF0E8250C0EB00056E454 /* DonationList */,
			);
			path = Screens;
			sourceTree = "<group>";
		};
		5E6AF0E8250C0EB00056E454 /* DonationList */ = {
			isa = PBXGroup;
			children = (
				5E6AF0EE250C10FD0056E454 /* Storyboard */,
				5E6AF0FF250C1A3D0056E454 /* DonationListViewController.swift */,
			);
			path = DonationList;
			sourceTree = "<group>";
		};
		5E6AF0E9250C0EC20056E454 /* Components */ = {
			isa = PBXGroup;
			children = (
				5E6AF0FD250C1A220056E454 /* PrimaryNavigationController.swift */,
			);
			path = Components;
			sourceTree = "<group>";
		};
		5E6AF0EE250C10FD0056E454 /* Storyboard */ = {
			isa = PBXGroup;
			children = (
				5E6AF0EF250C11020056E454 /* DonationList.storyboard */,
			);
			path = Storyboard;
			sourceTree = "<group>";
		};
		C270D8EF1D6F09F3D6922620 /* Pods */ = {
			isa = PBXGroup;
			children = (
				D71CE2180750E0518B53388E /* Pods-VKDonations.debug.xcconfig */,
				5595091FB3335392CBAABC3B /* Pods-VKDonations.release.xcconfig */,
			);
			path = Pods;
			sourceTree = "<group>";
		};
		E4DD8DE3B72D43EBFF25E3AC /* Frameworks */ = {
			isa = PBXGroup;
			children = (
				E9C3A4F455E22D3D0A6535F5 /* Pods_VKDonations.framework */,
			);
			name = Frameworks;
			sourceTree = "<group>";
		};
/* End PBXGroup section */

/* Begin PBXNativeTarget section */
		5E6AF0A0250BA3C30056E454 /* VKDonations */ = {
			isa = PBXNativeTarget;
			buildConfigurationList = 5E6AF0B5250BA3C60056E454 /* Build configuration list for PBXNativeTarget "VKDonations" */;
			buildPhases = (
				D8B55D14A2E2DFE5B534E89F /* [CP] Check Pods Manifest.lock */,
				5E6AF09D250BA3C30056E454 /* Sources */,
				5E6AF09E250BA3C30056E454 /* Frameworks */,
				5E6AF09F250BA3C30056E454 /* Resources */,
			);
			buildRules = (
			);
			dependencies = (
			);
			name = VKDonations;
			productName = VKDonations;
			productReference = 5E6AF0A1250BA3C30056E454 /* VKDonations.app */;
			productType = "com.apple.product-type.application";
		};
/* End PBXNativeTarget section */

/* Begin PBXProject section */
		5E6AF099250BA3C30056E454 /* Project object */ = {
			isa = PBXProject;
			attributes = {
				LastSwiftUpdateCheck = 1150;
				LastUpgradeCheck = 1150;
				ORGANIZATIONNAME = Timbaev;
				TargetAttributes = {
					5E6AF0A0250BA3C30056E454 = {
						CreatedOnToolsVersion = 11.5;
					};
				};
			};
			buildConfigurationList = 5E6AF09C250BA3C30056E454 /* Build configuration list for PBXProject "VKDonations" */;
			compatibilityVersion = "Xcode 9.3";
			developmentRegion = en;
			hasScannedForEncodings = 0;
			knownRegions = (
				en,
				Base,
			);
			mainGroup = 5E6AF098250BA3C30056E454;
			productRefGroup = 5E6AF0A2250BA3C30056E454 /* Products */;
			projectDirPath = "";
			projectRoot = "";
			targets = (
				5E6AF0A0250BA3C30056E454 /* VKDonations */,
			);
		};
/* End PBXProject section */

/* Begin PBXResourcesBuildPhase section */
		5E6AF09F250BA3C30056E454 /* Resources */ = {
			isa = PBXResourcesBuildPhase;
			buildActionMask = 2147483647;
			files = (
				5E6AF0F8250C1A000056E454 /* PlaceholderView.xib in Resources */,
				5E6AF0B1250BA3C60056E454 /* LaunchScreen.storyboard in Resources */,
				5E6AF0BB250BA6A30056E454 /* Colors.xcassets in Resources */,
				5E6AF0F0250C119A0056E454 /* DonationList.storyboard in Resources */,
				5E6AF0AE250BA3C60056E454 /* Assets.xcassets in Resources */,
			);
			runOnlyForDeploymentPostprocessing = 0;
		};
/* End PBXResourcesBuildPhase section */

/* Begin PBXShellScriptBuildPhase section */
		D8B55D14A2E2DFE5B534E89F /* [CP] Check Pods Manifest.lock */ = {
			isa = PBXShellScriptBuildPhase;
			buildActionMask = 2147483647;
			files = (
			);
			inputFileListPaths = (
			);
			inputPaths = (
				"${PODS_PODFILE_DIR_PATH}/Podfile.lock",
				"${PODS_ROOT}/Manifest.lock",
			);
			name = "[CP] Check Pods Manifest.lock";
			outputFileListPaths = (
			);
			outputPaths = (
				"$(DERIVED_FILE_DIR)/Pods-VKDonations-checkManifestLockResult.txt",
			);
			runOnlyForDeploymentPostprocessing = 0;
			shellPath = /bin/sh;
			shellScript = "diff \"${PODS_PODFILE_DIR_PATH}/Podfile.lock\" \"${PODS_ROOT}/Manifest.lock\" > /dev/null\nif [ $? != 0 ] ; then\n    # print error to STDERR\n    echo \"error: The sandbox is not in sync with the Podfile.lock. Run 'pod install' or update your CocoaPods installation.\" >&2\n    exit 1\nfi\n# This output is used by Xcode 'outputs' to avoid re-running this script phase.\necho \"SUCCESS\" > \"${SCRIPT_OUTPUT_FILE_0}\"\n";
			showEnvVarsInLog = 0;
		};
/* End PBXShellScriptBuildPhase section */

/* Begin PBXSourcesBuildPhase section */
		5E6AF09D250BA3C30056E454 /* Sources */ = {
			isa = PBXSourcesBuildPhase;
			buildActionMask = 2147483647;
			files = (
				5E6AF0F4250C19F00056E454 /* PrimaryButton.swift in Sources */,
				5E6AF0C3250BE8840056E454 /* TextStyle.swift in Sources */,
				5E6AF100250C1A3D0056E454 /* DonationListViewController.swift in Sources */,
				5E6AF0C0250BE8770056E454 /* ColorStyle.swift in Sources */,
				5E6AF0FE250C1A220056E454 /* PrimaryNavigationController.swift in Sources */,
				5E6AF0FC250C1A0F0056E454 /* NibView.swift in Sources */,
				5E6AF0A5250BA3C30056E454 /* AppDelegate.swift in Sources */,
				5E6AF0F7250C1A000056E454 /* PlaceholderView.swift in Sources */,
				5E6AF0FB250C1A0F0056E454 /* Button.swift in Sources */,
				5E6AF0A7250BA3C30056E454 /* SceneDelegate.swift in Sources */,
			);
			runOnlyForDeploymentPostprocessing = 0;
		};
/* End PBXSourcesBuildPhase section */

/* Begin PBXVariantGroup section */
		5E6AF0AF250BA3C60056E454 /* LaunchScreen.storyboard */ = {
			isa = PBXVariantGroup;
			children = (
				5E6AF0B0250BA3C60056E454 /* Base */,
			);
			name = LaunchScreen.storyboard;
			sourceTree = "<group>";
		};
/* End PBXVariantGroup section */

/* Begin XCBuildConfiguration section */
		5E6AF0B3250BA3C60056E454 /* Debug */ = {
			isa = XCBuildConfiguration;
			buildSettings = {
				ALWAYS_SEARCH_USER_PATHS = NO;
				CLANG_ANALYZER_NONNULL = YES;
				CLANG_ANALYZER_NUMBER_OBJECT_CONVERSION = YES_AGGRESSIVE;
				CLANG_CXX_LANGUAGE_STANDARD = "gnu++14";
				CLANG_CXX_LIBRARY = "libc++";
				CLANG_ENABLE_MODULES = YES;
				CLANG_ENABLE_OBJC_ARC = YES;
				CLANG_ENABLE_OBJC_WEAK = YES;
				CLANG_WARN_BLOCK_CAPTURE_AUTORELEASING = YES;
				CLANG_WARN_BOOL_CONVERSION = YES;
				CLANG_WARN_COMMA = YES;
				CLANG_WARN_CONSTANT_CONVERSION = YES;
				CLANG_WARN_DEPRECATED_OBJC_IMPLEMENTATIONS = YES;
				CLANG_WARN_DIRECT_OBJC_ISA_USAGE = YES_ERROR;
				CLANG_WARN_DOCUMENTATION_COMMENTS = YES;
				CLANG_WARN_EMPTY_BODY = YES;
				CLANG_WARN_ENUM_CONVERSION = YES;
				CLANG_WARN_INFINITE_RECURSION = YES;
				CLANG_WARN_INT_CONVERSION = YES;
				CLANG_WARN_NON_LITERAL_NULL_CONVERSION = YES;
				CLANG_WARN_OBJC_IMPLICIT_RETAIN_SELF = YES;
				CLANG_WARN_OBJC_LITERAL_CONVERSION = YES;
				CLANG_WARN_OBJC_ROOT_CLASS = YES_ERROR;
				CLANG_WARN_RANGE_LOOP_ANALYSIS = YES;
				CLANG_WARN_STRICT_PROTOTYPES = YES;
				CLANG_WARN_SUSPICIOUS_MOVE = YES;
				CLANG_WARN_UNGUARDED_AVAILABILITY = YES_AGGRESSIVE;
				CLANG_WARN_UNREACHABLE_CODE = YES;
				CLANG_WARN__DUPLICATE_METHOD_MATCH = YES;
				COPY_PHASE_STRIP = NO;
				DEBUG_INFORMATION_FORMAT = dwarf;
				ENABLE_STRICT_OBJC_MSGSEND = YES;
				ENABLE_TESTABILITY = YES;
				GCC_C_LANGUAGE_STANDARD = gnu11;
				GCC_DYNAMIC_NO_PIC = NO;
				GCC_NO_COMMON_BLOCKS = YES;
				GCC_OPTIMIZATION_LEVEL = 0;
				GCC_PREPROCESSOR_DEFINITIONS = (
					"DEBUG=1",
					"$(inherited)",
				);
				GCC_WARN_64_TO_32_BIT_CONVERSION = YES;
				GCC_WARN_ABOUT_RETURN_TYPE = YES_ERROR;
				GCC_WARN_UNDECLARED_SELECTOR = YES;
				GCC_WARN_UNINITIALIZED_AUTOS = YES_AGGRESSIVE;
				GCC_WARN_UNUSED_FUNCTION = YES;
				GCC_WARN_UNUSED_VARIABLE = YES;
				IPHONEOS_DEPLOYMENT_TARGET = 13.5;
				MTL_ENABLE_DEBUG_INFO = INCLUDE_SOURCE;
				MTL_FAST_MATH = YES;
				ONLY_ACTIVE_ARCH = YES;
				SDKROOT = iphoneos;
				SWIFT_ACTIVE_COMPILATION_CONDITIONS = DEBUG;
				SWIFT_OPTIMIZATION_LEVEL = "-Onone";
			};
			name = Debug;
		};
		5E6AF0B4250BA3C60056E454 /* Release */ = {
			isa = XCBuildConfiguration;
			buildSettings = {
				ALWAYS_SEARCH_USER_PATHS = NO;
				CLANG_ANALYZER_NONNULL = YES;
				CLANG_ANALYZER_NUMBER_OBJECT_CONVERSION = YES_AGGRESSIVE;
				CLANG_CXX_LANGUAGE_STANDARD = "gnu++14";
				CLANG_CXX_LIBRARY = "libc++";
				CLANG_ENABLE_MODULES = YES;
				CLANG_ENABLE_OBJC_ARC = YES;
				CLANG_ENABLE_OBJC_WEAK = YES;
				CLANG_WARN_BLOCK_CAPTURE_AUTORELEASING = YES;
				CLANG_WARN_BOOL_CONVERSION = YES;
				CLANG_WARN_COMMA = YES;
				CLANG_WARN_CONSTANT_CONVERSION = YES;
				CLANG_WARN_DEPRECATED_OBJC_IMPLEMENTATIONS = YES;
				CLANG_WARN_DIRECT_OBJC_ISA_USAGE = YES_ERROR;
				CLANG_WARN_DOCUMENTATION_COMMENTS = YES;
				CLANG_WARN_EMPTY_BODY = YES;
				CLANG_WARN_ENUM_CONVERSION = YES;
				CLANG_WARN_INFINITE_RECURSION = YES;
				CLANG_WARN_INT_CONVERSION = YES;
				CLANG_WARN_NON_LITERAL_NULL_CONVERSION = YES;
				CLANG_WARN_OBJC_IMPLICIT_RETAIN_SELF = YES;
				CLANG_WARN_OBJC_LITERAL_CONVERSION = YES;
				CLANG_WARN_OBJC_ROOT_CLASS = YES_ERROR;
				CLANG_WARN_RANGE_LOOP_ANALYSIS = YES;
				CLANG_WARN_STRICT_PROTOTYPES = YES;
				CLANG_WARN_SUSPICIOUS_MOVE = YES;
				CLANG_WARN_UNGUARDED_AVAILABILITY = YES_AGGRESSIVE;
				CLANG_WARN_UNREACHABLE_CODE = YES;
				CLANG_WARN__DUPLICATE_METHOD_MATCH = YES;
				COPY_PHASE_STRIP = NO;
				DEBUG_INFORMATION_FORMAT = "dwarf-with-dsym";
				ENABLE_NS_ASSERTIONS = NO;
				ENABLE_STRICT_OBJC_MSGSEND = YES;
				GCC_C_LANGUAGE_STANDARD = gnu11;
				GCC_NO_COMMON_BLOCKS = YES;
				GCC_WARN_64_TO_32_BIT_CONVERSION = YES;
				GCC_WARN_ABOUT_RETURN_TYPE = YES_ERROR;
				GCC_WARN_UNDECLARED_SELECTOR = YES;
				GCC_WARN_UNINITIALIZED_AUTOS = YES_AGGRESSIVE;
				GCC_WARN_UNUSED_FUNCTION = YES;
				GCC_WARN_UNUSED_VARIABLE = YES;
				IPHONEOS_DEPLOYMENT_TARGET = 13.5;
				MTL_ENABLE_DEBUG_INFO = NO;
				MTL_FAST_MATH = YES;
				SDKROOT = iphoneos;
				SWIFT_COMPILATION_MODE = wholemodule;
				SWIFT_OPTIMIZATION_LEVEL = "-O";
				VALIDATE_PRODUCT = YES;
			};
			name = Release;
		};
		5E6AF0B6250BA3C60056E454 /* Debug */ = {
			isa = XCBuildConfiguration;
			baseConfigurationReference = D71CE2180750E0518B53388E /* Pods-VKDonations.debug.xcconfig */;
			buildSettings = {
				ASSETCATALOG_COMPILER_APPICON_NAME = AppIcon;
				CODE_SIGN_STYLE = Automatic;
				INFOPLIST_FILE = VKDonations/SupportingFiles/Info.plist;
				IPHONEOS_DEPLOYMENT_TARGET = 11.0;
				LD_RUNPATH_SEARCH_PATHS = (
					"$(inherited)",
					"@executable_path/Frameworks",
				);
				PRODUCT_BUNDLE_IDENTIFIER = com.timbaev.VKDonations;
				PRODUCT_NAME = "$(TARGET_NAME)";
				SWIFT_VERSION = 5.0;
				TARGETED_DEVICE_FAMILY = "1,2";
			};
			name = Debug;
		};
		5E6AF0B7250BA3C60056E454 /* Release */ = {
			isa = XCBuildConfiguration;
			baseConfigurationReference = 5595091FB3335392CBAABC3B /* Pods-VKDonations.release.xcconfig */;
			buildSettings = {
				ASSETCATALOG_COMPILER_APPICON_NAME = AppIcon;
				CODE_SIGN_STYLE = Automatic;
				INFOPLIST_FILE = VKDonations/SupportingFiles/Info.plist;
				IPHONEOS_DEPLOYMENT_TARGET = 11.0;
				LD_RUNPATH_SEARCH_PATHS = (
					"$(inherited)",
					"@executable_path/Frameworks",
				);
				PRODUCT_BUNDLE_IDENTIFIER = com.timbaev.VKDonations;
				PRODUCT_NAME = "$(TARGET_NAME)";
				SWIFT_VERSION = 5.0;
				TARGETED_DEVICE_FAMILY = "1,2";
			};
			name = Release;
		};
/* End XCBuildConfiguration section */

/* Begin XCConfigurationList section */
		5E6AF09C250BA3C30056E454 /* Build configuration list for PBXProject "VKDonations" */ = {
			isa = XCConfigurationList;
			buildConfigurations = (
				5E6AF0B3250BA3C60056E454 /* Debug */,
				5E6AF0B4250BA3C60056E454 /* Release */,
			);
			defaultConfigurationIsVisible = 0;
			defaultConfigurationName = Release;
		};
		5E6AF0B5250BA3C60056E454 /* Build configuration list for PBXNativeTarget "VKDonations" */ = {
			isa = XCConfigurationList;
			buildConfigurations = (
				5E6AF0B6250BA3C60056E454 /* Debug */,
				5E6AF0B7250BA3C60056E454 /* Release */,
			);
			defaultConfigurationIsVisible = 0;
			defaultConfigurationName = Release;
		};
/* End XCConfigurationList section */
	};
	rootObject = 5E6AF099250BA3C30056E454 /* Project object */;
}
